// !$*UTF8*$!
{
	archiveVersion = 1;
	classes = {
	};
	objectVersion = 55;
	objects = {

/* Begin PBXBuildFile section */
		381F29B62706F9DB0074B182 /* Bundle.swift in Sources */ = {isa = PBXBuildFile; fileRef = 381F29B52706F9DB0074B182 /* Bundle.swift */; };
		38204D982701A959006A7742 /* AppDelegate.swift in Sources */ = {isa = PBXBuildFile; fileRef = 38204D972701A959006A7742 /* AppDelegate.swift */; };
		38204D9A2701A959006A7742 /* SceneDelegate.swift in Sources */ = {isa = PBXBuildFile; fileRef = 38204D992701A959006A7742 /* SceneDelegate.swift */; };
		38204D9F2701A959006A7742 /* Main.storyboard in Resources */ = {isa = PBXBuildFile; fileRef = 38204D9D2701A959006A7742 /* Main.storyboard */; };
		38204DA12701A95B006A7742 /* Assets.xcassets in Resources */ = {isa = PBXBuildFile; fileRef = 38204DA02701A95B006A7742 /* Assets.xcassets */; };
		38204DA42701A95B006A7742 /* LaunchScreen.storyboard in Resources */ = {isa = PBXBuildFile; fileRef = 38204DA22701A95B006A7742 /* LaunchScreen.storyboard */; };
		38204DB02701ABBF006A7742 /* IndexViewController.swift in Sources */ = {isa = PBXBuildFile; fileRef = 38204DAF2701ABBF006A7742 /* IndexViewController.swift */; };
		38204DB22701B081006A7742 /* ImagePicker.storyboard in Resources */ = {isa = PBXBuildFile; fileRef = 38204DB12701B081006A7742 /* ImagePicker.storyboard */; };
		38204DB62701C958006A7742 /* BaseView.storyboard in Resources */ = {isa = PBXBuildFile; fileRef = 38204DB52701C958006A7742 /* BaseView.storyboard */; };
		38204DB82701C97C006A7742 /* BaseNavigationController.swift in Sources */ = {isa = PBXBuildFile; fileRef = 38204DB72701C97C006A7742 /* BaseNavigationController.swift */; };
		38204DBC2702B12C006A7742 /* BaseViewController.swift in Sources */ = {isa = PBXBuildFile; fileRef = 38204DBB2702B12C006A7742 /* BaseViewController.swift */; };
		38204DBE2702B811006A7742 /* MediaPickerViewController.swift in Sources */ = {isa = PBXBuildFile; fileRef = 38204DBD2702B810006A7742 /* MediaPickerViewController.swift */; };
		38204DC32702C05B006A7742 /* AlertControllerUtility.swift in Sources */ = {isa = PBXBuildFile; fileRef = 38204DC22702C05B006A7742 /* AlertControllerUtility.swift */; };
		38204DC62702CAB3006A7742 /* UIApplication.swift in Sources */ = {isa = PBXBuildFile; fileRef = 38204DC52702CAB3006A7742 /* UIApplication.swift */; };
		38204DCC2702E36E006A7742 /* Localizable.strings in Resources */ = {isa = PBXBuildFile; fileRef = 38204DCE2702E36E006A7742 /* Localizable.strings */; };
		38204DD127030030006A7742 /* FilePicker.storyboard in Resources */ = {isa = PBXBuildFile; fileRef = 38204DD027030030006A7742 /* FilePicker.storyboard */; };
		38204DD32703003F006A7742 /* FilePickerViewController.swift in Sources */ = {isa = PBXBuildFile; fileRef = 38204DD22703003F006A7742 /* FilePickerViewController.swift */; };
		38C9607F274606D4000607D8 /* SwitchGridorListViewController.swift in Sources */ = {isa = PBXBuildFile; fileRef = 38C9607E274606D4000607D8 /* SwitchGridorListViewController.swift */; };
		38C9608127460716000607D8 /* GridorListView.storyboard in Resources */ = {isa = PBXBuildFile; fileRef = 38C9608027460716000607D8 /* GridorListView.storyboard */; };
		38C9608B27460890000607D8 /* ListCollectionViewCell.swift in Sources */ = {isa = PBXBuildFile; fileRef = 38C9608927460890000607D8 /* ListCollectionViewCell.swift */; };
		38C9608C27460890000607D8 /* ListCollectionViewCell.xib in Resources */ = {isa = PBXBuildFile; fileRef = 38C9608A27460890000607D8 /* ListCollectionViewCell.xib */; };
		38C9608F2746089C000607D8 /* GridCollectionViewCell.swift in Sources */ = {isa = PBXBuildFile; fileRef = 38C9608D2746089C000607D8 /* GridCollectionViewCell.swift */; };
		38C960902746089C000607D8 /* GridCollectionViewCell.xib in Resources */ = {isa = PBXBuildFile; fileRef = 38C9608E2746089C000607D8 /* GridCollectionViewCell.xib */; };
		38C9609327460C29000607D8 /* HeaderCollectionViewCell.swift in Sources */ = {isa = PBXBuildFile; fileRef = 38C9609127460C29000607D8 /* HeaderCollectionViewCell.swift */; };
		38C9609427460C29000607D8 /* HeaderCollectionViewCell.xib in Resources */ = {isa = PBXBuildFile; fileRef = 38C9609227460C29000607D8 /* HeaderCollectionViewCell.xib */; };
		8948437C27E9A26700BE96D6 /* APIServiceManager.swift in Sources */ = {isa = PBXBuildFile; fileRef = 8948437B27E9A26700BE96D6 /* APIServiceManager.swift */; };
		89634B9327E9A7A100914495 /* AFNetworking in Frameworks */ = {isa = PBXBuildFile; productRef = 89634B9227E9A7A100914495 /* AFNetworking */; };
		89634B9627E9A81400914495 /* Alamofire in Frameworks */ = {isa = PBXBuildFile; productRef = 89634B9527E9A81400914495 /* Alamofire */; };
		89634B9827E9C8C100914495 /* Array.swift in Sources */ = {isa = PBXBuildFile; fileRef = 89634B9727E9C8C100914495 /* Array.swift */; };
		89634B9A27E9CBDA00914495 /* String.swift in Sources */ = {isa = PBXBuildFile; fileRef = 89634B9927E9CBDA00914495 /* String.swift */; };
		89634B9C27E9CE7000914495 /* EncryptionUtility.swift in Sources */ = {isa = PBXBuildFile; fileRef = 89634B9B27E9CE7000914495 /* EncryptionUtility.swift */; };
		89634B9E27EABFE700914495 /* Date.swift in Sources */ = {isa = PBXBuildFile; fileRef = 89634B9D27EABFE700914495 /* Date.swift */; };
		89634BA027EAC01B00914495 /* Color.swift in Sources */ = {isa = PBXBuildFile; fileRef = 89634B9F27EAC01B00914495 /* Color.swift */; };
		89634BA527EACAC300914495 /* UIImage.swift in Sources */ = {isa = PBXBuildFile; fileRef = 89634BA427EACAC300914495 /* UIImage.swift */; };
		89634BA727EACBBC00914495 /* UIView.swift in Sources */ = {isa = PBXBuildFile; fileRef = 89634BA627EACBBC00914495 /* UIView.swift */; };
		89634BA927EACD5900914495 /* UINavigationBar.swift in Sources */ = {isa = PBXBuildFile; fileRef = 89634BA827EACD5900914495 /* UINavigationBar.swift */; };
/* End PBXBuildFile section */

/* Begin PBXFileReference section */
		381F29B52706F9DB0074B182 /* Bundle.swift */ = {isa = PBXFileReference; fileEncoding = 4; lastKnownFileType = sourcecode.swift; path = Bundle.swift; sourceTree = "<group>"; };
		38204D942701A959006A7742 /* Library-iOS.app */ = {isa = PBXFileReference; explicitFileType = wrapper.application; includeInIndex = 0; path = "Library-iOS.app"; sourceTree = BUILT_PRODUCTS_DIR; };
		38204D972701A959006A7742 /* AppDelegate.swift */ = {isa = PBXFileReference; lastKnownFileType = sourcecode.swift; path = AppDelegate.swift; sourceTree = "<group>"; };
		38204D992701A959006A7742 /* SceneDelegate.swift */ = {isa = PBXFileReference; lastKnownFileType = sourcecode.swift; path = SceneDelegate.swift; sourceTree = "<group>"; };
		38204D9E2701A959006A7742 /* Base */ = {isa = PBXFileReference; lastKnownFileType = file.storyboard; name = Base; path = Base.lproj/Main.storyboard; sourceTree = "<group>"; };
		38204DA02701A95B006A7742 /* Assets.xcassets */ = {isa = PBXFileReference; lastKnownFileType = folder.assetcatalog; path = Assets.xcassets; sourceTree = "<group>"; };
		38204DA32701A95B006A7742 /* Base */ = {isa = PBXFileReference; lastKnownFileType = file.storyboard; name = Base; path = Base.lproj/LaunchScreen.storyboard; sourceTree = "<group>"; };
		38204DA52701A95B006A7742 /* Info.plist */ = {isa = PBXFileReference; lastKnownFileType = text.plist.xml; path = Info.plist; sourceTree = "<group>"; };
		38204DAF2701ABBF006A7742 /* IndexViewController.swift */ = {isa = PBXFileReference; fileEncoding = 4; lastKnownFileType = sourcecode.swift; path = IndexViewController.swift; sourceTree = "<group>"; };
		38204DB12701B081006A7742 /* ImagePicker.storyboard */ = {isa = PBXFileReference; lastKnownFileType = file.storyboard; path = ImagePicker.storyboard; sourceTree = "<group>"; };
		38204DB52701C958006A7742 /* BaseView.storyboard */ = {isa = PBXFileReference; lastKnownFileType = file.storyboard; path = BaseView.storyboard; sourceTree = "<group>"; };
		38204DB72701C97C006A7742 /* BaseNavigationController.swift */ = {isa = PBXFileReference; lastKnownFileType = sourcecode.swift; path = BaseNavigationController.swift; sourceTree = "<group>"; };
		38204DBB2702B12C006A7742 /* BaseViewController.swift */ = {isa = PBXFileReference; lastKnownFileType = sourcecode.swift; path = BaseViewController.swift; sourceTree = "<group>"; };
		38204DBD2702B810006A7742 /* MediaPickerViewController.swift */ = {isa = PBXFileReference; fileEncoding = 4; lastKnownFileType = sourcecode.swift; path = MediaPickerViewController.swift; sourceTree = "<group>"; };
		38204DC22702C05B006A7742 /* AlertControllerUtility.swift */ = {isa = PBXFileReference; lastKnownFileType = sourcecode.swift; path = AlertControllerUtility.swift; sourceTree = "<group>"; };
		38204DC52702CAB3006A7742 /* UIApplication.swift */ = {isa = PBXFileReference; lastKnownFileType = sourcecode.swift; path = UIApplication.swift; sourceTree = "<group>"; };
		38204DCD2702E36E006A7742 /* en */ = {isa = PBXFileReference; lastKnownFileType = text.plist.strings; name = en; path = en.lproj/Localizable.strings; sourceTree = "<group>"; };
		38204DCF2702E38A006A7742 /* zh-Hant */ = {isa = PBXFileReference; lastKnownFileType = text.plist.strings; name = "zh-Hant"; path = "zh-Hant.lproj/Localizable.strings"; sourceTree = "<group>"; };
		38204DD027030030006A7742 /* FilePicker.storyboard */ = {isa = PBXFileReference; lastKnownFileType = file.storyboard; path = FilePicker.storyboard; sourceTree = "<group>"; };
		38204DD22703003F006A7742 /* FilePickerViewController.swift */ = {isa = PBXFileReference; lastKnownFileType = sourcecode.swift; path = FilePickerViewController.swift; sourceTree = "<group>"; };
		38C9607E274606D4000607D8 /* SwitchGridorListViewController.swift */ = {isa = PBXFileReference; lastKnownFileType = sourcecode.swift; path = SwitchGridorListViewController.swift; sourceTree = "<group>"; };
		38C9608027460716000607D8 /* GridorListView.storyboard */ = {isa = PBXFileReference; lastKnownFileType = file.storyboard; path = GridorListView.storyboard; sourceTree = "<group>"; };
		38C9608927460890000607D8 /* ListCollectionViewCell.swift */ = {isa = PBXFileReference; lastKnownFileType = sourcecode.swift; path = ListCollectionViewCell.swift; sourceTree = "<group>"; };
		38C9608A27460890000607D8 /* ListCollectionViewCell.xib */ = {isa = PBXFileReference; lastKnownFileType = file.xib; path = ListCollectionViewCell.xib; sourceTree = "<group>"; };
		38C9608D2746089C000607D8 /* GridCollectionViewCell.swift */ = {isa = PBXFileReference; lastKnownFileType = sourcecode.swift; path = GridCollectionViewCell.swift; sourceTree = "<group>"; };
		38C9608E2746089C000607D8 /* GridCollectionViewCell.xib */ = {isa = PBXFileReference; lastKnownFileType = file.xib; path = GridCollectionViewCell.xib; sourceTree = "<group>"; };
		38C9609127460C29000607D8 /* HeaderCollectionViewCell.swift */ = {isa = PBXFileReference; lastKnownFileType = sourcecode.swift; path = HeaderCollectionViewCell.swift; sourceTree = "<group>"; };
		38C9609227460C29000607D8 /* HeaderCollectionViewCell.xib */ = {isa = PBXFileReference; lastKnownFileType = file.xib; path = HeaderCollectionViewCell.xib; sourceTree = "<group>"; };
		8948437B27E9A26700BE96D6 /* APIServiceManager.swift */ = {isa = PBXFileReference; lastKnownFileType = sourcecode.swift; path = APIServiceManager.swift; sourceTree = "<group>"; };
		89634B9727E9C8C100914495 /* Array.swift */ = {isa = PBXFileReference; lastKnownFileType = sourcecode.swift; path = Array.swift; sourceTree = "<group>"; };
		89634B9927E9CBDA00914495 /* String.swift */ = {isa = PBXFileReference; lastKnownFileType = sourcecode.swift; path = String.swift; sourceTree = "<group>"; };
		89634B9B27E9CE7000914495 /* EncryptionUtility.swift */ = {isa = PBXFileReference; lastKnownFileType = sourcecode.swift; path = EncryptionUtility.swift; sourceTree = "<group>"; };
		89634B9D27EABFE700914495 /* Date.swift */ = {isa = PBXFileReference; lastKnownFileType = sourcecode.swift; path = Date.swift; sourceTree = "<group>"; };
		89634B9F27EAC01B00914495 /* Color.swift */ = {isa = PBXFileReference; lastKnownFileType = sourcecode.swift; path = Color.swift; sourceTree = "<group>"; };
		89634BA427EACAC300914495 /* UIImage.swift */ = {isa = PBXFileReference; lastKnownFileType = sourcecode.swift; path = UIImage.swift; sourceTree = "<group>"; };
		89634BA627EACBBC00914495 /* UIView.swift */ = {isa = PBXFileReference; lastKnownFileType = sourcecode.swift; path = UIView.swift; sourceTree = "<group>"; };
		89634BA827EACD5900914495 /* UINavigationBar.swift */ = {isa = PBXFileReference; lastKnownFileType = sourcecode.swift; path = UINavigationBar.swift; sourceTree = "<group>"; };
/* End PBXFileReference section */

/* Begin PBXFrameworksBuildPhase section */
		38204D912701A959006A7742 /* Frameworks */ = {
			isa = PBXFrameworksBuildPhase;
			buildActionMask = 2147483647;
			files = (
				89634B9327E9A7A100914495 /* AFNetworking in Frameworks */,
				89634B9627E9A81400914495 /* Alamofire in Frameworks */,
			);
			runOnlyForDeploymentPostprocessing = 0;
		};
/* End PBXFrameworksBuildPhase section */

/* Begin PBXGroup section */
		38204D8B2701A959006A7742 = {
			isa = PBXGroup;
			children = (
				38204D962701A959006A7742 /* Library-iOS */,
				38204D952701A959006A7742 /* Products */,
			);
			sourceTree = "<group>";
		};
		38204D952701A959006A7742 /* Products */ = {
			isa = PBXGroup;
			children = (
				38204D942701A959006A7742 /* Library-iOS.app */,
			);
			name = Products;
			sourceTree = "<group>";
		};
		38204D962701A959006A7742 /* Library-iOS */ = {
			isa = PBXGroup;
			children = (
				38204D972701A959006A7742 /* AppDelegate.swift */,
				38204D992701A959006A7742 /* SceneDelegate.swift */,
				38204DAE2701AAA0006A7742 /* Layout */,
				38204DAC2701AA81006A7742 /* View */,
				38204DC42702CAA4006A7742 /* Extension */,
				8948437A27E9A25300BE96D6 /* Manager */,
				38204DC12702C041006A7742 /* Utility */,
				38204DAD2701AA8C006A7742 /* Resource */,
			);
			path = "Library-iOS";
			sourceTree = "<group>";
		};
		38204DAC2701AA81006A7742 /* View */ = {
			isa = PBXGroup;
			children = (
				38C960822746074E000607D8 /* Component */,
				38204DB72701C97C006A7742 /* BaseNavigationController.swift */,
				38204DBB2702B12C006A7742 /* BaseViewController.swift */,
				38204DAF2701ABBF006A7742 /* IndexViewController.swift */,
				38204DD22703003F006A7742 /* FilePickerViewController.swift */,
				38204DBD2702B810006A7742 /* MediaPickerViewController.swift */,
				38C9607E274606D4000607D8 /* SwitchGridorListViewController.swift */,
			);
			path = View;
			sourceTree = "<group>";
		};
		38204DAD2701AA8C006A7742 /* Resource */ = {
			isa = PBXGroup;
			children = (
				38204DC92702E324006A7742 /* Language */,
				38204DA52701A95B006A7742 /* Info.plist */,
				38204DA02701A95B006A7742 /* Assets.xcassets */,
			);
			path = Resource;
			sourceTree = "<group>";
		};
		38204DAE2701AAA0006A7742 /* Layout */ = {
			isa = PBXGroup;
			children = (
				38204DB52701C958006A7742 /* BaseView.storyboard */,
				38204DD027030030006A7742 /* FilePicker.storyboard */,
				38C9608027460716000607D8 /* GridorListView.storyboard */,
				38204DB12701B081006A7742 /* ImagePicker.storyboard */,
				38204DA22701A95B006A7742 /* LaunchScreen.storyboard */,
				38204D9D2701A959006A7742 /* Main.storyboard */,
			);
			path = Layout;
			sourceTree = "<group>";
		};
		38204DC12702C041006A7742 /* Utility */ = {
			isa = PBXGroup;
			children = (
				38204DC22702C05B006A7742 /* AlertControllerUtility.swift */,
				89634B9B27E9CE7000914495 /* EncryptionUtility.swift */,
			);
			path = Utility;
			sourceTree = "<group>";
		};
		38204DC42702CAA4006A7742 /* Extension */ = {
			isa = PBXGroup;
			children = (
				89634B9727E9C8C100914495 /* Array.swift */,
				381F29B52706F9DB0074B182 /* Bundle.swift */,
				89634B9F27EAC01B00914495 /* Color.swift */,
				89634B9D27EABFE700914495 /* Date.swift */,
				89634B9927E9CBDA00914495 /* String.swift */,
				38204DC52702CAB3006A7742 /* UIApplication.swift */,
				89634BA427EACAC300914495 /* UIImage.swift */,
				89634BA627EACBBC00914495 /* UIView.swift */,
				89634BA827EACD5900914495 /* UINavigationBar.swift */,
			);
			path = Extension;
			sourceTree = "<group>";
		};
		38204DC92702E324006A7742 /* Language */ = {
			isa = PBXGroup;
			children = (
				38204DCE2702E36E006A7742 /* Localizable.strings */,
			);
			path = Language;
			sourceTree = "<group>";
		};
		38C960822746074E000607D8 /* Component */ = {
			isa = PBXGroup;
			children = (
				38C9608927460890000607D8 /* ListCollectionViewCell.swift */,
				38C9608A27460890000607D8 /* ListCollectionViewCell.xib */,
				38C9608D2746089C000607D8 /* GridCollectionViewCell.swift */,
				38C9608E2746089C000607D8 /* GridCollectionViewCell.xib */,
				38C9609127460C29000607D8 /* HeaderCollectionViewCell.swift */,
				38C9609227460C29000607D8 /* HeaderCollectionViewCell.xib */,
			);
			path = Component;
			sourceTree = "<group>";
		};
		8948437A27E9A25300BE96D6 /* Manager */ = {
			isa = PBXGroup;
			children = (
				8948437B27E9A26700BE96D6 /* APIServiceManager.swift */,
			);
			path = Manager;
			sourceTree = "<group>";
		};
/* End PBXGroup section */

/* Begin PBXNativeTarget section */
		38204D932701A959006A7742 /* Library-iOS */ = {
			isa = PBXNativeTarget;
			buildConfigurationList = 38204DA82701A95B006A7742 /* Build configuration list for PBXNativeTarget "Library-iOS" */;
			buildPhases = (
				38204D902701A959006A7742 /* Sources */,
				38204D912701A959006A7742 /* Frameworks */,
				38204D922701A959006A7742 /* Resources */,
			);
			buildRules = (
			);
			dependencies = (
			);
			name = "Library-iOS";
			packageProductDependencies = (
				89634B9227E9A7A100914495 /* AFNetworking */,
				89634B9527E9A81400914495 /* Alamofire */,
			);
			productName = "Library-iOS";
			productReference = 38204D942701A959006A7742 /* Library-iOS.app */;
			productType = "com.apple.product-type.application";
		};
/* End PBXNativeTarget section */

/* Begin PBXProject section */
		38204D8C2701A959006A7742 /* Project object */ = {
			isa = PBXProject;
			attributes = {
				BuildIndependentTargetsInParallel = 1;
				LastSwiftUpdateCheck = 1300;
				LastUpgradeCheck = 1300;
				TargetAttributes = {
					38204D932701A959006A7742 = {
						CreatedOnToolsVersion = 13.0;
					};
				};
			};
			buildConfigurationList = 38204D8F2701A959006A7742 /* Build configuration list for PBXProject "Library-iOS" */;
			compatibilityVersion = "Xcode 13.0";
			developmentRegion = en;
			hasScannedForEncodings = 0;
			knownRegions = (
				en,
				Base,
				"zh-Hant",
			);
			mainGroup = 38204D8B2701A959006A7742;
			packageReferences = (
				89634B9127E9A7A100914495 /* XCRemoteSwiftPackageReference "AFNetworking" */,
				89634B9427E9A81400914495 /* XCRemoteSwiftPackageReference "Alamofire" */,
			);
			productRefGroup = 38204D952701A959006A7742 /* Products */;
			projectDirPath = "";
			projectRoot = "";
			targets = (
				38204D932701A959006A7742 /* Library-iOS */,
			);
		};
/* End PBXProject section */

/* Begin PBXResourcesBuildPhase section */
		38204D922701A959006A7742 /* Resources */ = {
			isa = PBXResourcesBuildPhase;
			buildActionMask = 2147483647;
			files = (
				38C9608127460716000607D8 /* GridorListView.storyboard in Resources */,
				38204DA42701A95B006A7742 /* LaunchScreen.storyboard in Resources */,
				38204DD127030030006A7742 /* FilePicker.storyboard in Resources */,
				38204DA12701A95B006A7742 /* Assets.xcassets in Resources */,
				38204DCC2702E36E006A7742 /* Localizable.strings in Resources */,
				38C9608C27460890000607D8 /* ListCollectionViewCell.xib in Resources */,
				38204DB22701B081006A7742 /* ImagePicker.storyboard in Resources */,
				38204DB62701C958006A7742 /* BaseView.storyboard in Resources */,
				38C960902746089C000607D8 /* GridCollectionViewCell.xib in Resources */,
				38C9609427460C29000607D8 /* HeaderCollectionViewCell.xib in Resources */,
				38204D9F2701A959006A7742 /* Main.storyboard in Resources */,
			);
			runOnlyForDeploymentPostprocessing = 0;
		};
/* End PBXResourcesBuildPhase section */

/* Begin PBXSourcesBuildPhase section */
		38204D902701A959006A7742 /* Sources */ = {
			isa = PBXSourcesBuildPhase;
			buildActionMask = 2147483647;
			files = (
				38204DC32702C05B006A7742 /* AlertControllerUtility.swift in Sources */,
				38204DD32703003F006A7742 /* FilePickerViewController.swift in Sources */,
				89634BA727EACBBC00914495 /* UIView.swift in Sources */,
				38204D982701A959006A7742 /* AppDelegate.swift in Sources */,
				38C9609327460C29000607D8 /* HeaderCollectionViewCell.swift in Sources */,
				381F29B62706F9DB0074B182 /* Bundle.swift in Sources */,
				89634B9827E9C8C100914495 /* Array.swift in Sources */,
				89634BA527EACAC300914495 /* UIImage.swift in Sources */,
				38204DBE2702B811006A7742 /* MediaPickerViewController.swift in Sources */,
				38204D9A2701A959006A7742 /* SceneDelegate.swift in Sources */,
				38C9608B27460890000607D8 /* ListCollectionViewCell.swift in Sources */,
				38204DB82701C97C006A7742 /* BaseNavigationController.swift in Sources */,
				38C9608F2746089C000607D8 /* GridCollectionViewCell.swift in Sources */,
				8948437C27E9A26700BE96D6 /* APIServiceManager.swift in Sources */,
				38204DB02701ABBF006A7742 /* IndexViewController.swift in Sources */,
				89634BA027EAC01B00914495 /* Color.swift in Sources */,
				38204DBC2702B12C006A7742 /* BaseViewController.swift in Sources */,
				89634BA927EACD5900914495 /* UINavigationBar.swift in Sources */,
				89634B9A27E9CBDA00914495 /* String.swift in Sources */,
				89634B9C27E9CE7000914495 /* EncryptionUtility.swift in Sources */,
				89634B9E27EABFE700914495 /* Date.swift in Sources */,
				38C9607F274606D4000607D8 /* SwitchGridorListViewController.swift in Sources */,
				38204DC62702CAB3006A7742 /* UIApplication.swift in Sources */,
			);
			runOnlyForDeploymentPostprocessing = 0;
		};
/* End PBXSourcesBuildPhase section */

/* Begin PBXVariantGroup section */
		38204D9D2701A959006A7742 /* Main.storyboard */ = {
			isa = PBXVariantGroup;
			children = (
				38204D9E2701A959006A7742 /* Base */,
			);
			name = Main.storyboard;
			sourceTree = "<group>";
		};
		38204DA22701A95B006A7742 /* LaunchScreen.storyboard */ = {
			isa = PBXVariantGroup;
			children = (
				38204DA32701A95B006A7742 /* Base */,
			);
			name = LaunchScreen.storyboard;
			sourceTree = "<group>";
		};
		38204DCE2702E36E006A7742 /* Localizable.strings */ = {
			isa = PBXVariantGroup;
			children = (
				38204DCD2702E36E006A7742 /* en */,
				38204DCF2702E38A006A7742 /* zh-Hant */,
			);
			name = Localizable.strings;
			sourceTree = "<group>";
		};
/* End PBXVariantGroup section */

/* Begin XCBuildConfiguration section */
		38204DA62701A95B006A7742 /* Debug */ = {
			isa = XCBuildConfiguration;
			buildSettings = {
				ALWAYS_SEARCH_USER_PATHS = NO;
				CLANG_ANALYZER_LOCALIZABILITY_NONLOCALIZED = YES;
				CLANG_ANALYZER_NONNULL = YES;
				CLANG_ANALYZER_NUMBER_OBJECT_CONVERSION = YES_AGGRESSIVE;
				CLANG_CXX_LANGUAGE_STANDARD = "gnu++17";
				CLANG_CXX_LIBRARY = "libc++";
				CLANG_ENABLE_MODULES = YES;
				CLANG_ENABLE_OBJC_ARC = YES;
				CLANG_ENABLE_OBJC_WEAK = YES;
				CLANG_WARN_BLOCK_CAPTURE_AUTORELEASING = YES;
				CLANG_WARN_BOOL_CONVERSION = YES;
				CLANG_WARN_COMMA = YES;
				CLANG_WARN_CONSTANT_CONVERSION = YES;
				CLANG_WARN_DEPRECATED_OBJC_IMPLEMENTATIONS = YES;
				CLANG_WARN_DIRECT_OBJC_ISA_USAGE = YES_ERROR;
				CLANG_WARN_DOCUMENTATION_COMMENTS = YES;
				CLANG_WARN_EMPTY_BODY = YES;
				CLANG_WARN_ENUM_CONVERSION = YES;
				CLANG_WARN_INFINITE_RECURSION = YES;
				CLANG_WARN_INT_CONVERSION = YES;
				CLANG_WARN_NON_LITERAL_NULL_CONVERSION = YES;
				CLANG_WARN_OBJC_IMPLICIT_RETAIN_SELF = YES;
				CLANG_WARN_OBJC_LITERAL_CONVERSION = YES;
				CLANG_WARN_OBJC_ROOT_CLASS = YES_ERROR;
				CLANG_WARN_QUOTED_INCLUDE_IN_FRAMEWORK_HEADER = YES;
				CLANG_WARN_RANGE_LOOP_ANALYSIS = YES;
				CLANG_WARN_STRICT_PROTOTYPES = YES;
				CLANG_WARN_SUSPICIOUS_MOVE = YES;
				CLANG_WARN_UNGUARDED_AVAILABILITY = YES_AGGRESSIVE;
				CLANG_WARN_UNREACHABLE_CODE = YES;
				CLANG_WARN__DUPLICATE_METHOD_MATCH = YES;
				COPY_PHASE_STRIP = NO;
				DEBUG_INFORMATION_FORMAT = dwarf;
				ENABLE_STRICT_OBJC_MSGSEND = YES;
				ENABLE_TESTABILITY = YES;
				GCC_C_LANGUAGE_STANDARD = gnu11;
				GCC_DYNAMIC_NO_PIC = NO;
				GCC_NO_COMMON_BLOCKS = YES;
				GCC_OPTIMIZATION_LEVEL = 0;
				GCC_PREPROCESSOR_DEFINITIONS = (
					"DEBUG=1",
					"$(inherited)",
				);
				GCC_WARN_64_TO_32_BIT_CONVERSION = YES;
				GCC_WARN_ABOUT_RETURN_TYPE = YES_ERROR;
				GCC_WARN_UNDECLARED_SELECTOR = YES;
				GCC_WARN_UNINITIALIZED_AUTOS = YES_AGGRESSIVE;
				GCC_WARN_UNUSED_FUNCTION = YES;
				GCC_WARN_UNUSED_VARIABLE = YES;
				IPHONEOS_DEPLOYMENT_TARGET = 15.0;
				MTL_ENABLE_DEBUG_INFO = INCLUDE_SOURCE;
				MTL_FAST_MATH = YES;
				ONLY_ACTIVE_ARCH = YES;
				SDKROOT = iphoneos;
				SWIFT_ACTIVE_COMPILATION_CONDITIONS = DEBUG;
				SWIFT_OPTIMIZATION_LEVEL = "-Onone";
			};
			name = Debug;
		};
		38204DA72701A95B006A7742 /* Release */ = {
			isa = XCBuildConfiguration;
			buildSettings = {
				ALWAYS_SEARCH_USER_PATHS = NO;
				CLANG_ANALYZER_LOCALIZABILITY_NONLOCALIZED = YES;
				CLANG_ANALYZER_NONNULL = YES;
				CLANG_ANALYZER_NUMBER_OBJECT_CONVERSION = YES_AGGRESSIVE;
				CLANG_CXX_LANGUAGE_STANDARD = "gnu++17";
				CLANG_CXX_LIBRARY = "libc++";
				CLANG_ENABLE_MODULES = YES;
				CLANG_ENABLE_OBJC_ARC = YES;
				CLANG_ENABLE_OBJC_WEAK = YES;
				CLANG_WARN_BLOCK_CAPTURE_AUTORELEASING = YES;
				CLANG_WARN_BOOL_CONVERSION = YES;
				CLANG_WARN_COMMA = YES;
				CLANG_WARN_CONSTANT_CONVERSION = YES;
				CLANG_WARN_DEPRECATED_OBJC_IMPLEMENTATIONS = YES;
				CLANG_WARN_DIRECT_OBJC_ISA_USAGE = YES_ERROR;
				CLANG_WARN_DOCUMENTATION_COMMENTS = YES;
				CLANG_WARN_EMPTY_BODY = YES;
				CLANG_WARN_ENUM_CONVERSION = YES;
				CLANG_WARN_INFINITE_RECURSION = YES;
				CLANG_WARN_INT_CONVERSION = YES;
				CLANG_WARN_NON_LITERAL_NULL_CONVERSION = YES;
				CLANG_WARN_OBJC_IMPLICIT_RETAIN_SELF = YES;
				CLANG_WARN_OBJC_LITERAL_CONVERSION = YES;
				CLANG_WARN_OBJC_ROOT_CLASS = YES_ERROR;
				CLANG_WARN_QUOTED_INCLUDE_IN_FRAMEWORK_HEADER = YES;
				CLANG_WARN_RANGE_LOOP_ANALYSIS = YES;
				CLANG_WARN_STRICT_PROTOTYPES = YES;
				CLANG_WARN_SUSPICIOUS_MOVE = YES;
				CLANG_WARN_UNGUARDED_AVAILABILITY = YES_AGGRESSIVE;
				CLANG_WARN_UNREACHABLE_CODE = YES;
				CLANG_WARN__DUPLICATE_METHOD_MATCH = YES;
				COPY_PHASE_STRIP = NO;
				DEBUG_INFORMATION_FORMAT = "dwarf-with-dsym";
				ENABLE_NS_ASSERTIONS = NO;
				ENABLE_STRICT_OBJC_MSGSEND = YES;
				GCC_C_LANGUAGE_STANDARD = gnu11;
				GCC_NO_COMMON_BLOCKS = YES;
				GCC_WARN_64_TO_32_BIT_CONVERSION = YES;
				GCC_WARN_ABOUT_RETURN_TYPE = YES_ERROR;
				GCC_WARN_UNDECLARED_SELECTOR = YES;
				GCC_WARN_UNINITIALIZED_AUTOS = YES_AGGRESSIVE;
				GCC_WARN_UNUSED_FUNCTION = YES;
				GCC_WARN_UNUSED_VARIABLE = YES;
				IPHONEOS_DEPLOYMENT_TARGET = 15.0;
				MTL_ENABLE_DEBUG_INFO = NO;
				MTL_FAST_MATH = YES;
				SDKROOT = iphoneos;
				SWIFT_COMPILATION_MODE = wholemodule;
				SWIFT_OPTIMIZATION_LEVEL = "-O";
				VALIDATE_PRODUCT = YES;
			};
			name = Release;
		};
		38204DA92701A95B006A7742 /* Debug */ = {
			isa = XCBuildConfiguration;
			buildSettings = {
				ASSETCATALOG_COMPILER_APPICON_NAME = AppIcon;
				ASSETCATALOG_COMPILER_GLOBAL_ACCENT_COLOR_NAME = AccentColor;
				CODE_SIGN_STYLE = Automatic;
				CURRENT_PROJECT_VERSION = 1;
				DEVELOPMENT_TEAM = 5WSUYW9VDV;
				GENERATE_INFOPLIST_FILE = YES;
				INFOPLIST_FILE = "Library-iOS/Resource/Info.plist";
				INFOPLIST_KEY_UIApplicationSupportsIndirectInputEvents = YES;
				INFOPLIST_KEY_UILaunchStoryboardName = LaunchScreen;
				INFOPLIST_KEY_UIMainStoryboardFile = Main;
				INFOPLIST_KEY_UISupportedInterfaceOrientations_iPad = "UIInterfaceOrientationPortrait UIInterfaceOrientationPortraitUpsideDown UIInterfaceOrientationLandscapeLeft UIInterfaceOrientationLandscapeRight";
				INFOPLIST_KEY_UISupportedInterfaceOrientations_iPhone = "UIInterfaceOrientationPortrait UIInterfaceOrientationLandscapeLeft UIInterfaceOrientationLandscapeRight";
				LD_RUNPATH_SEARCH_PATHS = (
					"$(inherited)",
					"@executable_path/Frameworks",
				);
				MARKETING_VERSION = 1.0;
				PRODUCT_BUNDLE_IDENTIFIER = "com.jim.Library-iOS";
				PRODUCT_NAME = "$(TARGET_NAME)";
				SWIFT_EMIT_LOC_STRINGS = YES;
				SWIFT_VERSION = 5.0;
				TARGETED_DEVICE_FAMILY = "1,2";
			};
			name = Debug;
		};
		38204DAA2701A95B006A7742 /* Release */ = {
			isa = XCBuildConfiguration;
			buildSettings = {
				ASSETCATALOG_COMPILER_APPICON_NAME = AppIcon;
				ASSETCATALOG_COMPILER_GLOBAL_ACCENT_COLOR_NAME = AccentColor;
				CODE_SIGN_STYLE = Automatic;
				CURRENT_PROJECT_VERSION = 1;
				DEVELOPMENT_TEAM = 5WSUYW9VDV;
				GENERATE_INFOPLIST_FILE = YES;
				INFOPLIST_FILE = "Library-iOS/Resource/Info.plist";
				INFOPLIST_KEY_UIApplicationSupportsIndirectInputEvents = YES;
				INFOPLIST_KEY_UILaunchStoryboardName = LaunchScreen;
				INFOPLIST_KEY_UIMainStoryboardFile = Main;
				INFOPLIST_KEY_UISupportedInterfaceOrientations_iPad = "UIInterfaceOrientationPortrait UIInterfaceOrientationPortraitUpsideDown UIInterfaceOrientationLandscapeLeft UIInterfaceOrientationLandscapeRight";
				INFOPLIST_KEY_UISupportedInterfaceOrientations_iPhone = "UIInterfaceOrientationPortrait UIInterfaceOrientationLandscapeLeft UIInterfaceOrientationLandscapeRight";
				LD_RUNPATH_SEARCH_PATHS = (
					"$(inherited)",
					"@executable_path/Frameworks",
				);
				MARKETING_VERSION = 1.0;
				PRODUCT_BUNDLE_IDENTIFIER = "com.jim.Library-iOS";
				PRODUCT_NAME = "$(TARGET_NAME)";
				SWIFT_EMIT_LOC_STRINGS = YES;
				SWIFT_VERSION = 5.0;
				TARGETED_DEVICE_FAMILY = "1,2";
			};
			name = Release;
		};
/* End XCBuildConfiguration section */

/* Begin XCConfigurationList section */
		38204D8F2701A959006A7742 /* Build configuration list for PBXProject "Library-iOS" */ = {
			isa = XCConfigurationList;
			buildConfigurations = (
				38204DA62701A95B006A7742 /* Debug */,
				38204DA72701A95B006A7742 /* Release */,
			);
			defaultConfigurationIsVisible = 0;
			defaultConfigurationName = Release;
		};
		38204DA82701A95B006A7742 /* Build configuration list for PBXNativeTarget "Library-iOS" */ = {
			isa = XCConfigurationList;
			buildConfigurations = (
				38204DA92701A95B006A7742 /* Debug */,
				38204DAA2701A95B006A7742 /* Release */,
			);
			defaultConfigurationIsVisible = 0;
			defaultConfigurationName = Release;
		};
/* End XCConfigurationList section */

/* Begin XCRemoteSwiftPackageReference section */
		89634B9127E9A7A100914495 /* XCRemoteSwiftPackageReference "AFNetworking" */ = {
			isa = XCRemoteSwiftPackageReference;
			repositoryURL = "https://github.com/AFNetworking/AFNetworking.git";
			requirement = {
				kind = upToNextMajorVersion;
				minimumVersion = 4.0.0;
			};
		};
		89634B9427E9A81400914495 /* XCRemoteSwiftPackageReference "Alamofire" */ = {
			isa = XCRemoteSwiftPackageReference;
			repositoryURL = "https://github.com/Alamofire/Alamofire.git";
			requirement = {
				branch = master;
				kind = branch;
			};
		};
/* End XCRemoteSwiftPackageReference section */

/* Begin XCSwiftPackageProductDependency section */
		89634B9227E9A7A100914495 /* AFNetworking */ = {
			isa = XCSwiftPackageProductDependency;
			package = 89634B9127E9A7A100914495 /* XCRemoteSwiftPackageReference "AFNetworking" */;
			productName = AFNetworking;
		};
		89634B9527E9A81400914495 /* Alamofire */ = {
			isa = XCSwiftPackageProductDependency;
			package = 89634B9427E9A81400914495 /* XCRemoteSwiftPackageReference "Alamofire" */;
			productName = Alamofire;
		};
/* End XCSwiftPackageProductDependency section */
	};
	rootObject = 38204D8C2701A959006A7742 /* Project object */;
}
