// !$*UTF8*$!
{
	archiveVersion = 1;
	classes = {
	};
	objectVersion = 55;
	objects = {

/* Begin PBXBuildFile section */
		380A54E929C99407005D73E9 /* APILibrary in Frameworks */ = {isa = PBXBuildFile; productRef = 380A54E829C99407005D73E9 /* APILibrary */; };
		3813C9272D06F1C300A4CFBE /* Codable.swift in Sources */ = {isa = PBXBuildFile; fileRef = 3813C9262D06F1BD00A4CFBE /* Codable.swift */; };
		3813C92A2D06F25100A4CFBE /* UICollectionView.swift in Sources */ = {isa = PBXBuildFile; fileRef = 3813C9292D06F25000A4CFBE /* UICollectionView.swift */; };
		3813C92C2D06F26E00A4CFBE /* UIColor.swift in Sources */ = {isa = PBXBuildFile; fileRef = 3813C92B2D06F26D00A4CFBE /* UIColor.swift */; };
		3813C92E2D06F31100A4CFBE /* UILabel.swift in Sources */ = {isa = PBXBuildFile; fileRef = 3813C92D2D06F30F00A4CFBE /* UILabel.swift */; };
		381F9F6129CBF4DD00848827 /* FileManager.swift in Sources */ = {isa = PBXBuildFile; fileRef = 381F9F6029CBF4DD00848827 /* FileManager.swift */; };
		3832919829C1B97C0087CD3C /* MediaListView.swift in Sources */ = {isa = PBXBuildFile; fileRef = 3832919729C1B97C0087CD3C /* MediaListView.swift */; };
		383291DD29C40AB00087CD3C /* FileUploadView.swift in Sources */ = {isa = PBXBuildFile; fileRef = 383291DC29C40AB00087CD3C /* FileUploadView.swift */; };
		383291EA29C4106B0087CD3C /* MediaListViewModel.swift in Sources */ = {isa = PBXBuildFile; fileRef = 383291E929C4106B0087CD3C /* MediaListViewModel.swift */; };
		383291F229C414490087CD3C /* MediaModel.swift in Sources */ = {isa = PBXBuildFile; fileRef = 383291F129C414490087CD3C /* MediaModel.swift */; };
		383291F429C45EB80087CD3C /* MediaManager.swift in Sources */ = {isa = PBXBuildFile; fileRef = 383291F329C45EB80087CD3C /* MediaManager.swift */; };
		3859A4F42D06F37700B0B114 /* UIScreen.swift in Sources */ = {isa = PBXBuildFile; fileRef = 3859A4F32D06F37600B0B114 /* UIScreen.swift */; };
		3859A4F62D06F3D900B0B114 /* UserDefaults.swift in Sources */ = {isa = PBXBuildFile; fileRef = 3859A4F52D06F3D800B0B114 /* UserDefaults.swift */; };
		8944886627F471DC002CB2CD /* AFNetworking in Frameworks */ = {isa = PBXBuildFile; productRef = 8944886527F471DC002CB2CD /* AFNetworking */; };
		8944886827F54FC6002CB2CD /* SwitchGridorListViewController.swift in Sources */ = {isa = PBXBuildFile; fileRef = 8944886727F54FC6002CB2CD /* SwitchGridorListViewController.swift */; };
		8944886A27F5506B002CB2CD /* config.plist in Resources */ = {isa = PBXBuildFile; fileRef = 8944886927F5506B002CB2CD /* config.plist */; };
		8944886E27F5784F002CB2CD /* ImagePickerView.swift in Sources */ = {isa = PBXBuildFile; fileRef = 8944886D27F5784F002CB2CD /* ImagePickerView.swift */; };
		8944887027F578B7002CB2CD /* PhotoPicker.swift in Sources */ = {isa = PBXBuildFile; fileRef = 8944886F27F578B7002CB2CD /* PhotoPicker.swift */; };
		8944B88227F453EF000C1770 /* Library_iOS.swift in Sources */ = {isa = PBXBuildFile; fileRef = 8944B88127F453EF000C1770 /* Library_iOS.swift */; };
		8944B88627F453F1000C1770 /* Assets.xcassets in Resources */ = {isa = PBXBuildFile; fileRef = 8944B88527F453F1000C1770 /* Assets.xcassets */; };
		8944B88927F453F1000C1770 /* Preview Assets.xcassets in Resources */ = {isa = PBXBuildFile; fileRef = 8944B88827F453F1000C1770 /* Preview Assets.xcassets */; };
		8944B89327F453F1000C1770 /* Library_iOSTests.swift in Sources */ = {isa = PBXBuildFile; fileRef = 8944B89227F453F1000C1770 /* Library_iOSTests.swift */; };
		8944B89D27F453F2000C1770 /* Library_iOSUITests.swift in Sources */ = {isa = PBXBuildFile; fileRef = 8944B89C27F453F2000C1770 /* Library_iOSUITests.swift */; };
		8944B89F27F453F2000C1770 /* Library_iOSUITestsLaunchTests.swift in Sources */ = {isa = PBXBuildFile; fileRef = 8944B89E27F453F2000C1770 /* Library_iOSUITestsLaunchTests.swift */; };
		8944B8AE27F454BD000C1770 /* FaceIDView.swift in Sources */ = {isa = PBXBuildFile; fileRef = 8944B8AC27F454BD000C1770 /* FaceIDView.swift */; };
		8944B8AF27F454BD000C1770 /* IndexView.swift in Sources */ = {isa = PBXBuildFile; fileRef = 8944B8AD27F454BD000C1770 /* IndexView.swift */; };
		8944B8B127F45749000C1770 /* FilePickerView.swift in Sources */ = {isa = PBXBuildFile; fileRef = 8944B8B027F45749000C1770 /* FilePickerView.swift */; };
		8944B8B527F45BC7000C1770 /* DocumentPicker.swift in Sources */ = {isa = PBXBuildFile; fileRef = 8944B8B427F45BC7000C1770 /* DocumentPicker.swift */; };
		8944B8B827F467DD000C1770 /* SharePicker.swift in Sources */ = {isa = PBXBuildFile; fileRef = 8944B8B727F467DD000C1770 /* SharePicker.swift */; };
		8944B8BD27F46B2D000C1770 /* DocumentInteractionPicker.swift in Sources */ = {isa = PBXBuildFile; fileRef = 8944B8BC27F46B2D000C1770 /* DocumentInteractionPicker.swift */; };
		8944B8CD27F4702D000C1770 /* Date.swift in Sources */ = {isa = PBXBuildFile; fileRef = 8944B8C427F4702D000C1770 /* Date.swift */; };
		8944B8CE27F4702D000C1770 /* UIView.swift in Sources */ = {isa = PBXBuildFile; fileRef = 8944B8C527F4702D000C1770 /* UIView.swift */; };
		8944B8CF27F4702D000C1770 /* Array.swift in Sources */ = {isa = PBXBuildFile; fileRef = 8944B8C627F4702D000C1770 /* Array.swift */; };
		8944B8D027F4702D000C1770 /* String.swift in Sources */ = {isa = PBXBuildFile; fileRef = 8944B8C727F4702D000C1770 /* String.swift */; };
		8944B8D127F4702D000C1770 /* UIImage.swift in Sources */ = {isa = PBXBuildFile; fileRef = 8944B8C827F4702D000C1770 /* UIImage.swift */; };
		8944B8D227F4702D000C1770 /* UINavigationBar.swift in Sources */ = {isa = PBXBuildFile; fileRef = 8944B8C927F4702D000C1770 /* UINavigationBar.swift */; };
		8944B8D327F4702D000C1770 /* UIApplication.swift in Sources */ = {isa = PBXBuildFile; fileRef = 8944B8CA27F4702D000C1770 /* UIApplication.swift */; };
		8944B8D427F4702D000C1770 /* Bundle.swift in Sources */ = {isa = PBXBuildFile; fileRef = 8944B8CB27F4702D000C1770 /* Bundle.swift */; };
		8944B8D527F4702D000C1770 /* Color.swift in Sources */ = {isa = PBXBuildFile; fileRef = 8944B8CC27F4702D000C1770 /* Color.swift */; };
		8944B8D827F47035000C1770 /* APIServiceManager.swift in Sources */ = {isa = PBXBuildFile; fileRef = 8944B8D727F47035000C1770 /* APIServiceManager.swift */; };
		8944B8E627F47051000C1770 /* EncryptionManager.swift in Sources */ = {isa = PBXBuildFile; fileRef = 8944B8E427F47051000C1770 /* EncryptionManager.swift */; };
		8944B8E727F47051000C1770 /* AlertControllerUtility.swift in Sources */ = {isa = PBXBuildFile; fileRef = 8944B8E527F47051000C1770 /* AlertControllerUtility.swift */; };
		8944B8EA27F4708C000C1770 /* Alamofire in Frameworks */ = {isa = PBXBuildFile; productRef = 8944B8E927F4708C000C1770 /* Alamofire */; };
/* End PBXBuildFile section */

/* Begin PBXContainerItemProxy section */
		8944B88F27F453F1000C1770 /* PBXContainerItemProxy */ = {
			isa = PBXContainerItemProxy;
			containerPortal = 8944B87627F453EF000C1770 /* Project object */;
			proxyType = 1;
			remoteGlobalIDString = 8944B87D27F453EF000C1770;
			remoteInfo = "Library-iOS";
		};
		8944B89927F453F2000C1770 /* PBXContainerItemProxy */ = {
			isa = PBXContainerItemProxy;
			containerPortal = 8944B87627F453EF000C1770 /* Project object */;
			proxyType = 1;
			remoteGlobalIDString = 8944B87D27F453EF000C1770;
			remoteInfo = "Library-iOS";
		};
/* End PBXContainerItemProxy section */

/* Begin PBXFileReference section */
		380A54E629C957FD005D73E9 /* APILibrary */ = {isa = PBXFileReference; lastKnownFileType = wrapper; path = APILibrary; sourceTree = "<group>"; };
		3813C9262D06F1BD00A4CFBE /* Codable.swift */ = {isa = PBXFileReference; lastKnownFileType = sourcecode.swift; path = Codable.swift; sourceTree = "<group>"; };
		3813C9292D06F25000A4CFBE /* UICollectionView.swift */ = {isa = PBXFileReference; lastKnownFileType = sourcecode.swift; path = UICollectionView.swift; sourceTree = "<group>"; };
		3813C92B2D06F26D00A4CFBE /* UIColor.swift */ = {isa = PBXFileReference; lastKnownFileType = sourcecode.swift; path = UIColor.swift; sourceTree = "<group>"; };
		3813C92D2D06F30F00A4CFBE /* UILabel.swift */ = {isa = PBXFileReference; lastKnownFileType = sourcecode.swift; path = UILabel.swift; sourceTree = "<group>"; };
		381F9F6029CBF4DD00848827 /* FileManager.swift */ = {isa = PBXFileReference; lastKnownFileType = sourcecode.swift; path = FileManager.swift; sourceTree = "<group>"; };
		3832919729C1B97C0087CD3C /* MediaListView.swift */ = {isa = PBXFileReference; lastKnownFileType = sourcecode.swift; path = MediaListView.swift; sourceTree = "<group>"; };
		383291DC29C40AB00087CD3C /* FileUploadView.swift */ = {isa = PBXFileReference; lastKnownFileType = sourcecode.swift; path = FileUploadView.swift; sourceTree = "<group>"; };
		383291E929C4106B0087CD3C /* MediaListViewModel.swift */ = {isa = PBXFileReference; lastKnownFileType = sourcecode.swift; path = MediaListViewModel.swift; sourceTree = "<group>"; };
		383291F129C414490087CD3C /* MediaModel.swift */ = {isa = PBXFileReference; lastKnownFileType = sourcecode.swift; path = MediaModel.swift; sourceTree = "<group>"; };
		383291F329C45EB80087CD3C /* MediaManager.swift */ = {isa = PBXFileReference; lastKnownFileType = sourcecode.swift; path = MediaManager.swift; sourceTree = "<group>"; };
		3859A4F32D06F37600B0B114 /* UIScreen.swift */ = {isa = PBXFileReference; lastKnownFileType = sourcecode.swift; path = UIScreen.swift; sourceTree = "<group>"; };
		3859A4F52D06F3D800B0B114 /* UserDefaults.swift */ = {isa = PBXFileReference; lastKnownFileType = sourcecode.swift; path = UserDefaults.swift; sourceTree = "<group>"; };
		8944886727F54FC6002CB2CD /* SwitchGridorListViewController.swift */ = {isa = PBXFileReference; fileEncoding = 4; lastKnownFileType = sourcecode.swift; path = SwitchGridorListViewController.swift; sourceTree = "<group>"; };
		8944886927F5506B002CB2CD /* config.plist */ = {isa = PBXFileReference; lastKnownFileType = text.plist.xml; path = config.plist; sourceTree = "<group>"; };
		8944886D27F5784F002CB2CD /* ImagePickerView.swift */ = {isa = PBXFileReference; lastKnownFileType = sourcecode.swift; path = ImagePickerView.swift; sourceTree = "<group>"; };
		8944886F27F578B7002CB2CD /* PhotoPicker.swift */ = {isa = PBXFileReference; lastKnownFileType = sourcecode.swift; path = PhotoPicker.swift; sourceTree = "<group>"; };
		8944B87E27F453EF000C1770 /* Library-iOS.app */ = {isa = PBXFileReference; explicitFileType = wrapper.application; includeInIndex = 0; path = "Library-iOS.app"; sourceTree = BUILT_PRODUCTS_DIR; };
		8944B88127F453EF000C1770 /* Library_iOS.swift */ = {isa = PBXFileReference; lastKnownFileType = sourcecode.swift; path = Library_iOS.swift; sourceTree = "<group>"; };
		8944B88527F453F1000C1770 /* Assets.xcassets */ = {isa = PBXFileReference; lastKnownFileType = folder.assetcatalog; path = Assets.xcassets; sourceTree = "<group>"; };
		8944B88827F453F1000C1770 /* Preview Assets.xcassets */ = {isa = PBXFileReference; lastKnownFileType = folder.assetcatalog; path = "Preview Assets.xcassets"; sourceTree = "<group>"; };
		8944B88E27F453F1000C1770 /* Library-iOSTests.xctest */ = {isa = PBXFileReference; explicitFileType = wrapper.cfbundle; includeInIndex = 0; path = "Library-iOSTests.xctest"; sourceTree = BUILT_PRODUCTS_DIR; };
		8944B89227F453F1000C1770 /* Library_iOSTests.swift */ = {isa = PBXFileReference; lastKnownFileType = sourcecode.swift; path = Library_iOSTests.swift; sourceTree = "<group>"; };
		8944B89827F453F2000C1770 /* Library-iOSUITests.xctest */ = {isa = PBXFileReference; explicitFileType = wrapper.cfbundle; includeInIndex = 0; path = "Library-iOSUITests.xctest"; sourceTree = BUILT_PRODUCTS_DIR; };
		8944B89C27F453F2000C1770 /* Library_iOSUITests.swift */ = {isa = PBXFileReference; lastKnownFileType = sourcecode.swift; path = Library_iOSUITests.swift; sourceTree = "<group>"; };
		8944B89E27F453F2000C1770 /* Library_iOSUITestsLaunchTests.swift */ = {isa = PBXFileReference; lastKnownFileType = sourcecode.swift; path = Library_iOSUITestsLaunchTests.swift; sourceTree = "<group>"; };
		8944B8AC27F454BD000C1770 /* FaceIDView.swift */ = {isa = PBXFileReference; fileEncoding = 4; lastKnownFileType = sourcecode.swift; path = FaceIDView.swift; sourceTree = "<group>"; };
		8944B8AD27F454BD000C1770 /* IndexView.swift */ = {isa = PBXFileReference; fileEncoding = 4; lastKnownFileType = sourcecode.swift; path = IndexView.swift; sourceTree = "<group>"; };
		8944B8B027F45749000C1770 /* FilePickerView.swift */ = {isa = PBXFileReference; lastKnownFileType = sourcecode.swift; path = FilePickerView.swift; sourceTree = "<group>"; };
		8944B8B427F45BC7000C1770 /* DocumentPicker.swift */ = {isa = PBXFileReference; lastKnownFileType = sourcecode.swift; path = DocumentPicker.swift; sourceTree = "<group>"; };
		8944B8B727F467DD000C1770 /* SharePicker.swift */ = {isa = PBXFileReference; lastKnownFileType = sourcecode.swift; path = SharePicker.swift; sourceTree = "<group>"; };
		8944B8BC27F46B2D000C1770 /* DocumentInteractionPicker.swift */ = {isa = PBXFileReference; lastKnownFileType = sourcecode.swift; path = DocumentInteractionPicker.swift; sourceTree = "<group>"; };
		8944B8C427F4702D000C1770 /* Date.swift */ = {isa = PBXFileReference; fileEncoding = 4; lastKnownFileType = sourcecode.swift; path = Date.swift; sourceTree = "<group>"; };
		8944B8C527F4702D000C1770 /* UIView.swift */ = {isa = PBXFileReference; fileEncoding = 4; lastKnownFileType = sourcecode.swift; path = UIView.swift; sourceTree = "<group>"; };
		8944B8C627F4702D000C1770 /* Array.swift */ = {isa = PBXFileReference; fileEncoding = 4; lastKnownFileType = sourcecode.swift; path = Array.swift; sourceTree = "<group>"; };
		8944B8C727F4702D000C1770 /* String.swift */ = {isa = PBXFileReference; fileEncoding = 4; lastKnownFileType = sourcecode.swift; path = String.swift; sourceTree = "<group>"; };
		8944B8C827F4702D000C1770 /* UIImage.swift */ = {isa = PBXFileReference; fileEncoding = 4; lastKnownFileType = sourcecode.swift; path = UIImage.swift; sourceTree = "<group>"; };
		8944B8C927F4702D000C1770 /* UINavigationBar.swift */ = {isa = PBXFileReference; fileEncoding = 4; lastKnownFileType = sourcecode.swift; path = UINavigationBar.swift; sourceTree = "<group>"; };
		8944B8CA27F4702D000C1770 /* UIApplication.swift */ = {isa = PBXFileReference; fileEncoding = 4; lastKnownFileType = sourcecode.swift; path = UIApplication.swift; sourceTree = "<group>"; };
		8944B8CB27F4702D000C1770 /* Bundle.swift */ = {isa = PBXFileReference; fileEncoding = 4; lastKnownFileType = sourcecode.swift; path = Bundle.swift; sourceTree = "<group>"; };
		8944B8CC27F4702D000C1770 /* Color.swift */ = {isa = PBXFileReference; fileEncoding = 4; lastKnownFileType = sourcecode.swift; path = Color.swift; sourceTree = "<group>"; };
		8944B8D727F47035000C1770 /* APIServiceManager.swift */ = {isa = PBXFileReference; fileEncoding = 4; lastKnownFileType = sourcecode.swift; path = APIServiceManager.swift; sourceTree = "<group>"; };
		8944B8E427F47051000C1770 /* EncryptionManager.swift */ = {isa = PBXFileReference; fileEncoding = 4; lastKnownFileType = sourcecode.swift; path = EncryptionManager.swift; sourceTree = "<group>"; };
		8944B8E527F47051000C1770 /* AlertControllerUtility.swift */ = {isa = PBXFileReference; fileEncoding = 4; lastKnownFileType = sourcecode.swift; path = AlertControllerUtility.swift; sourceTree = "<group>"; };
/* End PBXFileReference section */

/* Begin PBXFrameworksBuildPhase section */
		8944B87B27F453EF000C1770 /* Frameworks */ = {
			isa = PBXFrameworksBuildPhase;
			buildActionMask = 2147483647;
			files = (
				380A54E929C99407005D73E9 /* APILibrary in Frameworks */,
				8944B8EA27F4708C000C1770 /* Alamofire in Frameworks */,
				8944886627F471DC002CB2CD /* AFNetworking in Frameworks */,
			);
			runOnlyForDeploymentPostprocessing = 0;
		};
		8944B88B27F453F1000C1770 /* Frameworks */ = {
			isa = PBXFrameworksBuildPhase;
			buildActionMask = 2147483647;
			files = (
			);
			runOnlyForDeploymentPostprocessing = 0;
		};
		8944B89527F453F1000C1770 /* Frameworks */ = {
			isa = PBXFrameworksBuildPhase;
			buildActionMask = 2147483647;
			files = (
			);
			runOnlyForDeploymentPostprocessing = 0;
		};
/* End PBXFrameworksBuildPhase section */

/* Begin PBXGroup section */
		380A54E729C99407005D73E9 /* Frameworks */ = {
			isa = PBXGroup;
			children = (
			);
			name = Frameworks;
			sourceTree = "<group>";
		};
		383291E829C410580087CD3C /* ViewModel */ = {
			isa = PBXGroup;
			children = (
				383291E929C4106B0087CD3C /* MediaListViewModel.swift */,
			);
			path = ViewModel;
			sourceTree = "<group>";
		};
		383291F029C414300087CD3C /* Model */ = {
			isa = PBXGroup;
			children = (
				383291F129C414490087CD3C /* MediaModel.swift */,
			);
			path = Model;
			sourceTree = "<group>";
		};
		8944B87527F453EF000C1770 = {
			isa = PBXGroup;
			children = (
				380A54E629C957FD005D73E9 /* APILibrary */,
				8944B88027F453EF000C1770 /* Library-iOS */,
				8944B89127F453F1000C1770 /* Library-iOSTests */,
				8944B89B27F453F2000C1770 /* Library-iOSUITests */,
				8944B87F27F453EF000C1770 /* Products */,
				380A54E729C99407005D73E9 /* Frameworks */,
			);
			sourceTree = "<group>";
		};
		8944B87F27F453EF000C1770 /* Products */ = {
			isa = PBXGroup;
			children = (
				8944B87E27F453EF000C1770 /* Library-iOS.app */,
				8944B88E27F453F1000C1770 /* Library-iOSTests.xctest */,
				8944B89827F453F2000C1770 /* Library-iOSUITests.xctest */,
			);
			name = Products;
			sourceTree = "<group>";
		};
		8944B88027F453EF000C1770 /* Library-iOS */ = {
			isa = PBXGroup;
			children = (
				8944B88127F453EF000C1770 /* Library_iOS.swift */,
				8944B8C327F4702D000C1770 /* Extension */,
				8944B8D627F47035000C1770 /* Manager */,
				8944B8E327F47051000C1770 /* Utility */,
				383291F029C414300087CD3C /* Model */,
				383291E829C410580087CD3C /* ViewModel */,
				8944B8AB27F4549D000C1770 /* View */,
				8944B8D927F4703D000C1770 /* Resource */,
				8944B88727F453F1000C1770 /* Preview Content */,
			);
			path = "Library-iOS";
			sourceTree = "<group>";
		};
		8944B88727F453F1000C1770 /* Preview Content */ = {
			isa = PBXGroup;
			children = (
				8944B88827F453F1000C1770 /* Preview Assets.xcassets */,
			);
			path = "Preview Content";
			sourceTree = "<group>";
		};
		8944B89127F453F1000C1770 /* Library-iOSTests */ = {
			isa = PBXGroup;
			children = (
				8944B89227F453F1000C1770 /* Library_iOSTests.swift */,
			);
			path = "Library-iOSTests";
			sourceTree = "<group>";
		};
		8944B89B27F453F2000C1770 /* Library-iOSUITests */ = {
			isa = PBXGroup;
			children = (
				8944B89C27F453F2000C1770 /* Library_iOSUITests.swift */,
				8944B89E27F453F2000C1770 /* Library_iOSUITestsLaunchTests.swift */,
			);
			path = "Library-iOSUITests";
			sourceTree = "<group>";
		};
		8944B8AB27F4549D000C1770 /* View */ = {
			isa = PBXGroup;
			children = (
				8944B8C027F46FE2000C1770 /* Old */,
				8944B8B627F465C9000C1770 /* Component */,
				8944B8AC27F454BD000C1770 /* FaceIDView.swift */,
				8944B8B027F45749000C1770 /* FilePickerView.swift */,
				8944B8AD27F454BD000C1770 /* IndexView.swift */,
				8944886D27F5784F002CB2CD /* ImagePickerView.swift */,
				3832919729C1B97C0087CD3C /* MediaListView.swift */,
				383291DC29C40AB00087CD3C /* FileUploadView.swift */,
			);
			path = View;
			sourceTree = "<group>";
		};
		8944B8B627F465C9000C1770 /* Component */ = {
			isa = PBXGroup;
			children = (
				8944B8BC27F46B2D000C1770 /* DocumentInteractionPicker.swift */,
				8944B8B427F45BC7000C1770 /* DocumentPicker.swift */,
				8944886F27F578B7002CB2CD /* PhotoPicker.swift */,
				8944B8B727F467DD000C1770 /* SharePicker.swift */,
			);
			path = Component;
			sourceTree = "<group>";
		};
		8944B8C027F46FE2000C1770 /* Old */ = {
			isa = PBXGroup;
			children = (
				8944886727F54FC6002CB2CD /* SwitchGridorListViewController.swift */,
			);
			path = Old;
			sourceTree = "<group>";
		};
		8944B8C327F4702D000C1770 /* Extension */ = {
			isa = PBXGroup;
			children = (
				8944B8C627F4702D000C1770 /* Array.swift */,
				8944B8CB27F4702D000C1770 /* Bundle.swift */,
				3813C9262D06F1BD00A4CFBE /* Codable.swift */,
				8944B8CC27F4702D000C1770 /* Color.swift */,
				8944B8C427F4702D000C1770 /* Date.swift */,
				381F9F6029CBF4DD00848827 /* FileManager.swift */,
				8944B8C727F4702D000C1770 /* String.swift */,
				8944B8CA27F4702D000C1770 /* UIApplication.swift */,
				3813C9292D06F25000A4CFBE /* UICollectionView.swift */,
				3813C92B2D06F26D00A4CFBE /* UIColor.swift */,
				8944B8C827F4702D000C1770 /* UIImage.swift */,
				3813C92D2D06F30F00A4CFBE /* UILabel.swift */,
				8944B8C927F4702D000C1770 /* UINavigationBar.swift */,
				3859A4F32D06F37600B0B114 /* UIScreen.swift */,
				8944B8C527F4702D000C1770 /* UIView.swift */,
				3859A4F52D06F3D800B0B114 /* UserDefaults.swift */,
			);
			path = Extension;
			sourceTree = "<group>";
		};
		8944B8D627F47035000C1770 /* Manager */ = {
			isa = PBXGroup;
			children = (
				8944B8D727F47035000C1770 /* APIServiceManager.swift */,
				8944B8E427F47051000C1770 /* EncryptionManager.swift */,
				383291F329C45EB80087CD3C /* MediaManager.swift */,
			);
			path = Manager;
			sourceTree = "<group>";
		};
		8944B8D927F4703D000C1770 /* Resource */ = {
			isa = PBXGroup;
			children = (
				8944B88527F453F1000C1770 /* Assets.xcassets */,
				8944886927F5506B002CB2CD /* config.plist */,
			);
			path = Resource;
			sourceTree = "<group>";
		};
		8944B8E327F47051000C1770 /* Utility */ = {
			isa = PBXGroup;
			children = (
				8944B8E527F47051000C1770 /* AlertControllerUtility.swift */,
			);
			path = Utility;
			sourceTree = "<group>";
		};
/* End PBXGroup section */

/* Begin PBXNativeTarget section */
		8944B87D27F453EF000C1770 /* Library-iOS */ = {
			isa = PBXNativeTarget;
			buildConfigurationList = 8944B8A227F453F2000C1770 /* Build configuration list for PBXNativeTarget "Library-iOS" */;
			buildPhases = (
				8944B87A27F453EF000C1770 /* Sources */,
				8944B87B27F453EF000C1770 /* Frameworks */,
				8944B87C27F453EF000C1770 /* Resources */,
			);
			buildRules = (
			);
			dependencies = (
			);
			name = "Library-iOS";
			packageProductDependencies = (
				8944B8E927F4708C000C1770 /* Alamofire */,
				8944886527F471DC002CB2CD /* AFNetworking */,
				380A54E829C99407005D73E9 /* APILibrary */,
			);
			productName = "Library-iOS";
			productReference = 8944B87E27F453EF000C1770 /* Library-iOS.app */;
			productType = "com.apple.product-type.application";
		};
		8944B88D27F453F1000C1770 /* Library-iOSTests */ = {
			isa = PBXNativeTarget;
			buildConfigurationList = 8944B8A527F453F2000C1770 /* Build configuration list for PBXNativeTarget "Library-iOSTests" */;
			buildPhases = (
				8944B88A27F453F1000C1770 /* Sources */,
				8944B88B27F453F1000C1770 /* Frameworks */,
				8944B88C27F453F1000C1770 /* Resources */,
			);
			buildRules = (
			);
			dependencies = (
				8944B89027F453F1000C1770 /* PBXTargetDependency */,
			);
			name = "Library-iOSTests";
			productName = "Library-iOSTests";
			productReference = 8944B88E27F453F1000C1770 /* Library-iOSTests.xctest */;
			productType = "com.apple.product-type.bundle.unit-test";
		};
		8944B89727F453F1000C1770 /* Library-iOSUITests */ = {
			isa = PBXNativeTarget;
			buildConfigurationList = 8944B8A827F453F2000C1770 /* Build configuration list for PBXNativeTarget "Library-iOSUITests" */;
			buildPhases = (
				8944B89427F453F1000C1770 /* Sources */,
				8944B89527F453F1000C1770 /* Frameworks */,
				8944B89627F453F1000C1770 /* Resources */,
			);
			buildRules = (
			);
			dependencies = (
				8944B89A27F453F2000C1770 /* PBXTargetDependency */,
			);
			name = "Library-iOSUITests";
			productName = "Library-iOSUITests";
			productReference = 8944B89827F453F2000C1770 /* Library-iOSUITests.xctest */;
			productType = "com.apple.product-type.bundle.ui-testing";
		};
/* End PBXNativeTarget section */

/* Begin PBXProject section */
		8944B87627F453EF000C1770 /* Project object */ = {
			isa = PBXProject;
			attributes = {
				BuildIndependentTargetsInParallel = 1;
				LastSwiftUpdateCheck = 1330;
				LastUpgradeCheck = 1330;
				TargetAttributes = {
					8944B87D27F453EF000C1770 = {
						CreatedOnToolsVersion = 13.3;
					};
					8944B88D27F453F1000C1770 = {
						CreatedOnToolsVersion = 13.3;
						TestTargetID = 8944B87D27F453EF000C1770;
					};
					8944B89727F453F1000C1770 = {
						CreatedOnToolsVersion = 13.3;
						TestTargetID = 8944B87D27F453EF000C1770;
					};
				};
			};
			buildConfigurationList = 8944B87927F453EF000C1770 /* Build configuration list for PBXProject "Library-iOS" */;
			compatibilityVersion = "Xcode 13.0";
			developmentRegion = en;
			hasScannedForEncodings = 0;
			knownRegions = (
				en,
				Base,
				"zh-Hant",
			);
			mainGroup = 8944B87527F453EF000C1770;
			packageReferences = (
				8944B8E827F4708C000C1770 /* XCRemoteSwiftPackageReference "Alamofire" */,
				8944886427F471DC002CB2CD /* XCRemoteSwiftPackageReference "AFNetworking" */,
			);
			productRefGroup = 8944B87F27F453EF000C1770 /* Products */;
			projectDirPath = "";
			projectRoot = "";
			targets = (
				8944B87D27F453EF000C1770 /* Library-iOS */,
				8944B88D27F453F1000C1770 /* Library-iOSTests */,
				8944B89727F453F1000C1770 /* Library-iOSUITests */,
			);
		};
/* End PBXProject section */

/* Begin PBXResourcesBuildPhase section */
		8944B87C27F453EF000C1770 /* Resources */ = {
			isa = PBXResourcesBuildPhase;
			buildActionMask = 2147483647;
			files = (
				8944B88927F453F1000C1770 /* Preview Assets.xcassets in Resources */,
				8944B88627F453F1000C1770 /* Assets.xcassets in Resources */,
				8944886A27F5506B002CB2CD /* config.plist in Resources */,
			);
			runOnlyForDeploymentPostprocessing = 0;
		};
		8944B88C27F453F1000C1770 /* Resources */ = {
			isa = PBXResourcesBuildPhase;
			buildActionMask = 2147483647;
			files = (
			);
			runOnlyForDeploymentPostprocessing = 0;
		};
		8944B89627F453F1000C1770 /* Resources */ = {
			isa = PBXResourcesBuildPhase;
			buildActionMask = 2147483647;
			files = (
			);
			runOnlyForDeploymentPostprocessing = 0;
		};
/* End PBXResourcesBuildPhase section */

/* Begin PBXSourcesBuildPhase section */
		8944B87A27F453EF000C1770 /* Sources */ = {
			isa = PBXSourcesBuildPhase;
			buildActionMask = 2147483647;
			files = (
				3813C92A2D06F25100A4CFBE /* UICollectionView.swift in Sources */,
				8944B8B127F45749000C1770 /* FilePickerView.swift in Sources */,
				8944B8D227F4702D000C1770 /* UINavigationBar.swift in Sources */,
				8944B8E727F47051000C1770 /* AlertControllerUtility.swift in Sources */,
				381F9F6129CBF4DD00848827 /* FileManager.swift in Sources */,
				8944B8D027F4702D000C1770 /* String.swift in Sources */,
				3813C92E2D06F31100A4CFBE /* UILabel.swift in Sources */,
				8944886E27F5784F002CB2CD /* ImagePickerView.swift in Sources */,
				8944B8D827F47035000C1770 /* APIServiceManager.swift in Sources */,
				8944B8CF27F4702D000C1770 /* Array.swift in Sources */,
				8944887027F578B7002CB2CD /* PhotoPicker.swift in Sources */,
				383291EA29C4106B0087CD3C /* MediaListViewModel.swift in Sources */,
				8944B8B827F467DD000C1770 /* SharePicker.swift in Sources */,
				8944B8D527F4702D000C1770 /* Color.swift in Sources */,
				383291F229C414490087CD3C /* MediaModel.swift in Sources */,
				8944B8AF27F454BD000C1770 /* IndexView.swift in Sources */,
				8944B8CD27F4702D000C1770 /* Date.swift in Sources */,
				8944B8AE27F454BD000C1770 /* FaceIDView.swift in Sources */,
				3832919829C1B97C0087CD3C /* MediaListView.swift in Sources */,
				8944B8D327F4702D000C1770 /* UIApplication.swift in Sources */,
				383291DD29C40AB00087CD3C /* FileUploadView.swift in Sources */,
				8944B8B527F45BC7000C1770 /* DocumentPicker.swift in Sources */,
				3859A4F62D06F3D900B0B114 /* UserDefaults.swift in Sources */,
				3813C92C2D06F26E00A4CFBE /* UIColor.swift in Sources */,
				8944B88227F453EF000C1770 /* Library_iOS.swift in Sources */,
				8944B8D127F4702D000C1770 /* UIImage.swift in Sources */,
				3813C9272D06F1C300A4CFBE /* Codable.swift in Sources */,
				8944886827F54FC6002CB2CD /* SwitchGridorListViewController.swift in Sources */,
				383291F429C45EB80087CD3C /* MediaManager.swift in Sources */,
				3859A4F42D06F37700B0B114 /* UIScreen.swift in Sources */,
				8944B8CE27F4702D000C1770 /* UIView.swift in Sources */,
				8944B8E627F47051000C1770 /* EncryptionManager.swift in Sources */,
				8944B8D427F4702D000C1770 /* Bundle.swift in Sources */,
				8944B8BD27F46B2D000C1770 /* DocumentInteractionPicker.swift in Sources */,
			);
			runOnlyForDeploymentPostprocessing = 0;
		};
		8944B88A27F453F1000C1770 /* Sources */ = {
			isa = PBXSourcesBuildPhase;
			buildActionMask = 2147483647;
			files = (
				8944B89327F453F1000C1770 /* Library_iOSTests.swift in Sources */,
			);
			runOnlyForDeploymentPostprocessing = 0;
		};
		8944B89427F453F1000C1770 /* Sources */ = {
			isa = PBXSourcesBuildPhase;
			buildActionMask = 2147483647;
			files = (
				8944B89F27F453F2000C1770 /* Library_iOSUITestsLaunchTests.swift in Sources */,
				8944B89D27F453F2000C1770 /* Library_iOSUITests.swift in Sources */,
			);
			runOnlyForDeploymentPostprocessing = 0;
		};
/* End PBXSourcesBuildPhase section */

/* Begin PBXTargetDependency section */
		8944B89027F453F1000C1770 /* PBXTargetDependency */ = {
			isa = PBXTargetDependency;
			target = 8944B87D27F453EF000C1770 /* Library-iOS */;
			targetProxy = 8944B88F27F453F1000C1770 /* PBXContainerItemProxy */;
		};
		8944B89A27F453F2000C1770 /* PBXTargetDependency */ = {
			isa = PBXTargetDependency;
			target = 8944B87D27F453EF000C1770 /* Library-iOS */;
			targetProxy = 8944B89927F453F2000C1770 /* PBXContainerItemProxy */;
		};
/* End PBXTargetDependency section */

/* Begin XCBuildConfiguration section */
		8944B8A027F453F2000C1770 /* Debug */ = {
			isa = XCBuildConfiguration;
			buildSettings = {
				ALWAYS_SEARCH_USER_PATHS = NO;
				CLANG_ANALYZER_NONNULL = YES;
				CLANG_ANALYZER_NUMBER_OBJECT_CONVERSION = YES_AGGRESSIVE;
				CLANG_CXX_LANGUAGE_STANDARD = "gnu++17";
				CLANG_ENABLE_MODULES = YES;
				CLANG_ENABLE_OBJC_ARC = YES;
				CLANG_ENABLE_OBJC_WEAK = YES;
				CLANG_WARN_BLOCK_CAPTURE_AUTORELEASING = YES;
				CLANG_WARN_BOOL_CONVERSION = YES;
				CLANG_WARN_COMMA = YES;
				CLANG_WARN_CONSTANT_CONVERSION = YES;
				CLANG_WARN_DEPRECATED_OBJC_IMPLEMENTATIONS = YES;
				CLANG_WARN_DIRECT_OBJC_ISA_USAGE = YES_ERROR;
				CLANG_WARN_DOCUMENTATION_COMMENTS = YES;
				CLANG_WARN_EMPTY_BODY = YES;
				CLANG_WARN_ENUM_CONVERSION = YES;
				CLANG_WARN_INFINITE_RECURSION = YES;
				CLANG_WARN_INT_CONVERSION = YES;
				CLANG_WARN_NON_LITERAL_NULL_CONVERSION = YES;
				CLANG_WARN_OBJC_IMPLICIT_RETAIN_SELF = YES;
				CLANG_WARN_OBJC_LITERAL_CONVERSION = YES;
				CLANG_WARN_OBJC_ROOT_CLASS = YES_ERROR;
				CLANG_WARN_QUOTED_INCLUDE_IN_FRAMEWORK_HEADER = YES;
				CLANG_WARN_RANGE_LOOP_ANALYSIS = YES;
				CLANG_WARN_STRICT_PROTOTYPES = YES;
				CLANG_WARN_SUSPICIOUS_MOVE = YES;
				CLANG_WARN_UNGUARDED_AVAILABILITY = YES_AGGRESSIVE;
				CLANG_WARN_UNREACHABLE_CODE = YES;
				CLANG_WARN__DUPLICATE_METHOD_MATCH = YES;
				COPY_PHASE_STRIP = NO;
				DEBUG_INFORMATION_FORMAT = dwarf;
				ENABLE_STRICT_OBJC_MSGSEND = YES;
				ENABLE_TESTABILITY = YES;
				GCC_C_LANGUAGE_STANDARD = gnu11;
				GCC_DYNAMIC_NO_PIC = NO;
				GCC_NO_COMMON_BLOCKS = YES;
				GCC_OPTIMIZATION_LEVEL = 0;
				GCC_PREPROCESSOR_DEFINITIONS = (
					"DEBUG=1",
					"$(inherited)",
				);
				GCC_WARN_64_TO_32_BIT_CONVERSION = YES;
				GCC_WARN_ABOUT_RETURN_TYPE = YES_ERROR;
				GCC_WARN_UNDECLARED_SELECTOR = YES;
				GCC_WARN_UNINITIALIZED_AUTOS = YES_AGGRESSIVE;
				GCC_WARN_UNUSED_FUNCTION = YES;
				GCC_WARN_UNUSED_VARIABLE = YES;
				IPHONEOS_DEPLOYMENT_TARGET = 15.4;
				MTL_ENABLE_DEBUG_INFO = INCLUDE_SOURCE;
				MTL_FAST_MATH = YES;
				ONLY_ACTIVE_ARCH = YES;
				SDKROOT = iphoneos;
				SWIFT_ACTIVE_COMPILATION_CONDITIONS = DEBUG;
				SWIFT_OPTIMIZATION_LEVEL = "-Onone";
			};
			name = Debug;
		};
		8944B8A127F453F2000C1770 /* Release */ = {
			isa = XCBuildConfiguration;
			buildSettings = {
				ALWAYS_SEARCH_USER_PATHS = NO;
				CLANG_ANALYZER_NONNULL = YES;
				CLANG_ANALYZER_NUMBER_OBJECT_CONVERSION = YES_AGGRESSIVE;
				CLANG_CXX_LANGUAGE_STANDARD = "gnu++17";
				CLANG_ENABLE_MODULES = YES;
				CLANG_ENABLE_OBJC_ARC = YES;
				CLANG_ENABLE_OBJC_WEAK = YES;
				CLANG_WARN_BLOCK_CAPTURE_AUTORELEASING = YES;
				CLANG_WARN_BOOL_CONVERSION = YES;
				CLANG_WARN_COMMA = YES;
				CLANG_WARN_CONSTANT_CONVERSION = YES;
				CLANG_WARN_DEPRECATED_OBJC_IMPLEMENTATIONS = YES;
				CLANG_WARN_DIRECT_OBJC_ISA_USAGE = YES_ERROR;
				CLANG_WARN_DOCUMENTATION_COMMENTS = YES;
				CLANG_WARN_EMPTY_BODY = YES;
				CLANG_WARN_ENUM_CONVERSION = YES;
				CLANG_WARN_INFINITE_RECURSION = YES;
				CLANG_WARN_INT_CONVERSION = YES;
				CLANG_WARN_NON_LITERAL_NULL_CONVERSION = YES;
				CLANG_WARN_OBJC_IMPLICIT_RETAIN_SELF = YES;
				CLANG_WARN_OBJC_LITERAL_CONVERSION = YES;
				CLANG_WARN_OBJC_ROOT_CLASS = YES_ERROR;
				CLANG_WARN_QUOTED_INCLUDE_IN_FRAMEWORK_HEADER = YES;
				CLANG_WARN_RANGE_LOOP_ANALYSIS = YES;
				CLANG_WARN_STRICT_PROTOTYPES = YES;
				CLANG_WARN_SUSPICIOUS_MOVE = YES;
				CLANG_WARN_UNGUARDED_AVAILABILITY = YES_AGGRESSIVE;
				CLANG_WARN_UNREACHABLE_CODE = YES;
				CLANG_WARN__DUPLICATE_METHOD_MATCH = YES;
				COPY_PHASE_STRIP = NO;
				DEBUG_INFORMATION_FORMAT = "dwarf-with-dsym";
				ENABLE_NS_ASSERTIONS = NO;
				ENABLE_STRICT_OBJC_MSGSEND = YES;
				GCC_C_LANGUAGE_STANDARD = gnu11;
				GCC_NO_COMMON_BLOCKS = YES;
				GCC_WARN_64_TO_32_BIT_CONVERSION = YES;
				GCC_WARN_ABOUT_RETURN_TYPE = YES_ERROR;
				GCC_WARN_UNDECLARED_SELECTOR = YES;
				GCC_WARN_UNINITIALIZED_AUTOS = YES_AGGRESSIVE;
				GCC_WARN_UNUSED_FUNCTION = YES;
				GCC_WARN_UNUSED_VARIABLE = YES;
				IPHONEOS_DEPLOYMENT_TARGET = 15.4;
				MTL_ENABLE_DEBUG_INFO = NO;
				MTL_FAST_MATH = YES;
				SDKROOT = iphoneos;
				SWIFT_COMPILATION_MODE = wholemodule;
				SWIFT_OPTIMIZATION_LEVEL = "-O";
				VALIDATE_PRODUCT = YES;
			};
			name = Release;
		};
		8944B8A327F453F2000C1770 /* Debug */ = {
			isa = XCBuildConfiguration;
			buildSettings = {
				ASSETCATALOG_COMPILER_APPICON_NAME = AppIcon;
				ASSETCATALOG_COMPILER_GLOBAL_ACCENT_COLOR_NAME = AccentColor;
				CODE_SIGN_STYLE = Automatic;
				CURRENT_PROJECT_VERSION = 1;
				DEVELOPMENT_ASSET_PATHS = "\"Library-iOS/Preview Content\"";
				DEVELOPMENT_TEAM = C7ZY9GQL2C;
				ENABLE_PREVIEWS = YES;
				GENERATE_INFOPLIST_FILE = YES;
				INFOPLIST_KEY_NSPhotoLibraryUsageDescription = "show image and video";
				INFOPLIST_KEY_UIApplicationSceneManifest_Generation = YES;
				INFOPLIST_KEY_UIApplicationSupportsIndirectInputEvents = YES;
				INFOPLIST_KEY_UILaunchScreen_Generation = YES;
				INFOPLIST_KEY_UISupportedInterfaceOrientations_iPad = "UIInterfaceOrientationPortrait UIInterfaceOrientationPortraitUpsideDown UIInterfaceOrientationLandscapeLeft UIInterfaceOrientationLandscapeRight";
				INFOPLIST_KEY_UISupportedInterfaceOrientations_iPhone = "UIInterfaceOrientationPortrait UIInterfaceOrientationLandscapeLeft UIInterfaceOrientationLandscapeRight";
				LD_RUNPATH_SEARCH_PATHS = (
					"$(inherited)",
					"@executable_path/Frameworks",
				);
				MARKETING_VERSION = 1.0;
				PRODUCT_BUNDLE_IDENTIFIER = "com.jim.Library-iOS";
				PRODUCT_NAME = "$(TARGET_NAME)";
				SWIFT_EMIT_LOC_STRINGS = YES;
				SWIFT_VERSION = 5.0;
				TARGETED_DEVICE_FAMILY = "1,2";
			};
			name = Debug;
		};
		8944B8A427F453F2000C1770 /* Release */ = {
			isa = XCBuildConfiguration;
			buildSettings = {
				ASSETCATALOG_COMPILER_APPICON_NAME = AppIcon;
				ASSETCATALOG_COMPILER_GLOBAL_ACCENT_COLOR_NAME = AccentColor;
				CODE_SIGN_STYLE = Automatic;
				CURRENT_PROJECT_VERSION = 1;
				DEVELOPMENT_ASSET_PATHS = "\"Library-iOS/Preview Content\"";
				DEVELOPMENT_TEAM = C7ZY9GQL2C;
				ENABLE_PREVIEWS = YES;
				GENERATE_INFOPLIST_FILE = YES;
				INFOPLIST_KEY_NSPhotoLibraryUsageDescription = "show image and video";
				INFOPLIST_KEY_UIApplicationSceneManifest_Generation = YES;
				INFOPLIST_KEY_UIApplicationSupportsIndirectInputEvents = YES;
				INFOPLIST_KEY_UILaunchScreen_Generation = YES;
				INFOPLIST_KEY_UISupportedInterfaceOrientations_iPad = "UIInterfaceOrientationPortrait UIInterfaceOrientationPortraitUpsideDown UIInterfaceOrientationLandscapeLeft UIInterfaceOrientationLandscapeRight";
				INFOPLIST_KEY_UISupportedInterfaceOrientations_iPhone = "UIInterfaceOrientationPortrait UIInterfaceOrientationLandscapeLeft UIInterfaceOrientationLandscapeRight";
				LD_RUNPATH_SEARCH_PATHS = (
					"$(inherited)",
					"@executable_path/Frameworks",
				);
				MARKETING_VERSION = 1.0;
				PRODUCT_BUNDLE_IDENTIFIER = "com.jim.Library-iOS";
				PRODUCT_NAME = "$(TARGET_NAME)";
				SWIFT_EMIT_LOC_STRINGS = YES;
				SWIFT_VERSION = 5.0;
				TARGETED_DEVICE_FAMILY = "1,2";
			};
			name = Release;
		};
		8944B8A627F453F2000C1770 /* Debug */ = {
			isa = XCBuildConfiguration;
			buildSettings = {
				ALWAYS_EMBED_SWIFT_STANDARD_LIBRARIES = YES;
				BUNDLE_LOADER = "$(TEST_HOST)";
				CODE_SIGN_STYLE = Automatic;
				CURRENT_PROJECT_VERSION = 1;
				DEVELOPMENT_TEAM = C7ZY9GQL2C;
				GENERATE_INFOPLIST_FILE = YES;
				IPHONEOS_DEPLOYMENT_TARGET = 15.4;
				MARKETING_VERSION = 1.0;
				PRODUCT_BUNDLE_IDENTIFIER = "com.jim.Library-iOSTests";
				PRODUCT_NAME = "$(TARGET_NAME)";
				SWIFT_EMIT_LOC_STRINGS = NO;
				SWIFT_VERSION = 5.0;
				TARGETED_DEVICE_FAMILY = "1,2";
				TEST_HOST = "$(BUILT_PRODUCTS_DIR)/Library-iOS.app/Library-iOS";
			};
			name = Debug;
		};
		8944B8A727F453F2000C1770 /* Release */ = {
			isa = XCBuildConfiguration;
			buildSettings = {
				ALWAYS_EMBED_SWIFT_STANDARD_LIBRARIES = YES;
				BUNDLE_LOADER = "$(TEST_HOST)";
				CODE_SIGN_STYLE = Automatic;
				CURRENT_PROJECT_VERSION = 1;
				DEVELOPMENT_TEAM = C7ZY9GQL2C;
				GENERATE_INFOPLIST_FILE = YES;
				IPHONEOS_DEPLOYMENT_TARGET = 15.4;
				MARKETING_VERSION = 1.0;
				PRODUCT_BUNDLE_IDENTIFIER = "com.jim.Library-iOSTests";
				PRODUCT_NAME = "$(TARGET_NAME)";
				SWIFT_EMIT_LOC_STRINGS = NO;
				SWIFT_VERSION = 5.0;
				TARGETED_DEVICE_FAMILY = "1,2";
				TEST_HOST = "$(BUILT_PRODUCTS_DIR)/Library-iOS.app/Library-iOS";
			};
			name = Release;
		};
		8944B8A927F453F2000C1770 /* Debug */ = {
			isa = XCBuildConfiguration;
			buildSettings = {
				ALWAYS_EMBED_SWIFT_STANDARD_LIBRARIES = YES;
				CODE_SIGN_STYLE = Automatic;
				CURRENT_PROJECT_VERSION = 1;
				DEVELOPMENT_TEAM = C7ZY9GQL2C;
				GENERATE_INFOPLIST_FILE = YES;
				MARKETING_VERSION = 1.0;
				PRODUCT_BUNDLE_IDENTIFIER = "com.jim.Library-iOSUITests";
				PRODUCT_NAME = "$(TARGET_NAME)";
				SWIFT_EMIT_LOC_STRINGS = NO;
				SWIFT_VERSION = 5.0;
				TARGETED_DEVICE_FAMILY = "1,2";
				TEST_TARGET_NAME = "Library-iOS";
			};
			name = Debug;
		};
		8944B8AA27F453F2000C1770 /* Release */ = {
			isa = XCBuildConfiguration;
			buildSettings = {
				ALWAYS_EMBED_SWIFT_STANDARD_LIBRARIES = YES;
				CODE_SIGN_STYLE = Automatic;
				CURRENT_PROJECT_VERSION = 1;
				DEVELOPMENT_TEAM = C7ZY9GQL2C;
				GENERATE_INFOPLIST_FILE = YES;
				MARKETING_VERSION = 1.0;
				PRODUCT_BUNDLE_IDENTIFIER = "com.jim.Library-iOSUITests";
				PRODUCT_NAME = "$(TARGET_NAME)";
				SWIFT_EMIT_LOC_STRINGS = NO;
				SWIFT_VERSION = 5.0;
				TARGETED_DEVICE_FAMILY = "1,2";
				TEST_TARGET_NAME = "Library-iOS";
			};
			name = Release;
		};
/* End XCBuildConfiguration section */

/* Begin XCConfigurationList section */
		8944B87927F453EF000C1770 /* Build configuration list for PBXProject "Library-iOS" */ = {
			isa = XCConfigurationList;
			buildConfigurations = (
				8944B8A027F453F2000C1770 /* Debug */,
				8944B8A127F453F2000C1770 /* Release */,
			);
			defaultConfigurationIsVisible = 0;
			defaultConfigurationName = Release;
		};
		8944B8A227F453F2000C1770 /* Build configuration list for PBXNativeTarget "Library-iOS" */ = {
			isa = XCConfigurationList;
			buildConfigurations = (
				8944B8A327F453F2000C1770 /* Debug */,
				8944B8A427F453F2000C1770 /* Release */,
			);
			defaultConfigurationIsVisible = 0;
			defaultConfigurationName = Release;
		};
		8944B8A527F453F2000C1770 /* Build configuration list for PBXNativeTarget "Library-iOSTests" */ = {
			isa = XCConfigurationList;
			buildConfigurations = (
				8944B8A627F453F2000C1770 /* Debug */,
				8944B8A727F453F2000C1770 /* Release */,
			);
			defaultConfigurationIsVisible = 0;
			defaultConfigurationName = Release;
		};
		8944B8A827F453F2000C1770 /* Build configuration list for PBXNativeTarget "Library-iOSUITests" */ = {
			isa = XCConfigurationList;
			buildConfigurations = (
				8944B8A927F453F2000C1770 /* Debug */,
				8944B8AA27F453F2000C1770 /* Release */,
			);
			defaultConfigurationIsVisible = 0;
			defaultConfigurationName = Release;
		};
/* End XCConfigurationList section */

/* Begin XCRemoteSwiftPackageReference section */
		8944886427F471DC002CB2CD /* XCRemoteSwiftPackageReference "AFNetworking" */ = {
			isa = XCRemoteSwiftPackageReference;
			repositoryURL = "https://github.com/AFNetworking/AFNetworking.git";
			requirement = {
				branch = master;
				kind = branch;
			};
		};
		8944B8E827F4708C000C1770 /* XCRemoteSwiftPackageReference "Alamofire" */ = {
			isa = XCRemoteSwiftPackageReference;
			repositoryURL = "https://github.com/Alamofire/Alamofire.git";
			requirement = {
				kind = upToNextMajorVersion;
				minimumVersion = 5.0.0;
			};
		};
/* End XCRemoteSwiftPackageReference section */

/* Begin XCSwiftPackageProductDependency section */
		380A54E829C99407005D73E9 /* APILibrary */ = {
			isa = XCSwiftPackageProductDependency;
			productName = APILibrary;
		};
		8944886527F471DC002CB2CD /* AFNetworking */ = {
			isa = XCSwiftPackageProductDependency;
			package = 8944886427F471DC002CB2CD /* XCRemoteSwiftPackageReference "AFNetworking" */;
			productName = AFNetworking;
		};
		8944B8E927F4708C000C1770 /* Alamofire */ = {
			isa = XCSwiftPackageProductDependency;
			package = 8944B8E827F4708C000C1770 /* XCRemoteSwiftPackageReference "Alamofire" */;
			productName = Alamofire;
		};
/* End XCSwiftPackageProductDependency section */
	};
	rootObject = 8944B87627F453EF000C1770 /* Project object */;
}
